PODS:
  - Crashlytics (3.10.1):
    - Fabric (~> 1.7.5)
  - Fabric (1.7.6)
  - SwiftLint (0.25.1)

DEPENDENCIES:
  - Crashlytics
  - Fabric
  - SwiftLint

SPEC REPOS:
  https://github.com/CocoaPods/Specs.git:
    - Crashlytics
    - Fabric
    - SwiftLint

SPEC CHECKSUMS:
  Crashlytics: aee1a064cbbf99b32efa3f056a5f458d846bc8ff
  Fabric: f8d42c893bb187326a7968b62abe55c36a987a46
  SwiftLint: ce933681be10c3266e82576dad676fa815a602e9

PODFILE CHECKSUM: 5b76f0ecc8627811e78e020af2eeff0174766beb

COCOAPODS: 1.5.0
