// !$*UTF8*$!
{
	archiveVersion = 1;
	classes = {
	};
	objectVersion = 48;
	objects = {

/* Begin PBXBuildFile section */
		04F260D98DC81017CE8E557A /* Pods_FizzBuzz.framework in Frameworks */ = {isa = PBXBuildFile; fileRef = DEA307BBF7982123C1E40902 /* Pods_FizzBuzz.framework */; };
		3041ECF6207DBF79007ED68A /* AppDelegate.swift in Sources */ = {isa = PBXBuildFile; fileRef = 3041ECF5207DBF79007ED68A /* AppDelegate.swift */; };
		3041ECF8207DBF79007ED68A /* ViewController.swift in Sources */ = {isa = PBXBuildFile; fileRef = 3041ECF7207DBF79007ED68A /* ViewController.swift */; };
		3041ECFB207DBF79007ED68A /* Main.storyboard in Resources */ = {isa = PBXBuildFile; fileRef = 3041ECF9207DBF79007ED68A /* Main.storyboard */; };
		3041ECFD207DBF79007ED68A /* Assets.xcassets in Resources */ = {isa = PBXBuildFile; fileRef = 3041ECFC207DBF79007ED68A /* Assets.xcassets */; };
		3041ED00207DBF79007ED68A /* LaunchScreen.storyboard in Resources */ = {isa = PBXBuildFile; fileRef = 3041ECFE207DBF79007ED68A /* LaunchScreen.storyboard */; };
		3041ED24207DBFDE007ED68A /* BrainTest.swift in Sources */ = {isa = PBXBuildFile; fileRef = 3041ED23207DBFDE007ED68A /* BrainTest.swift */; };
		3041ED26207DEC51007ED68A /* Brain.swift in Sources */ = {isa = PBXBuildFile; fileRef = 3041ED25207DEC51007ED68A /* Brain.swift */; };
		3041ED28207E1878007ED68A /* GameTest.swift in Sources */ = {isa = PBXBuildFile; fileRef = 3041ED27207E1878007ED68A /* GameTest.swift */; };
		3041ED2A207E18CC007ED68A /* Game.swift in Sources */ = {isa = PBXBuildFile; fileRef = 3041ED29207E18CC007ED68A /* Game.swift */; };
		30AC6E6020844D7800C7BF69 /* ViewControllerUnitTest.swift in Sources */ = {isa = PBXBuildFile; fileRef = 30AC6E5E20844D7200C7BF69 /* ViewControllerUnitTest.swift */; };
		30CB28952091B3CA0046381B /* SnapshotHelper.swift in Sources */ = {isa = PBXBuildFile; fileRef = 30CB28942091B3CA0046381B /* SnapshotHelper.swift */; };
		30CF48382084825100A26CC1 /* ViewControllerUiTest.swift in Sources */ = {isa = PBXBuildFile; fileRef = 30CF48372084825100A26CC1 /* ViewControllerUiTest.swift */; };
		30F7FB882084BE0300CD54D5 /* Move.swift in Sources */ = {isa = PBXBuildFile; fileRef = 30F7FB872084BE0300CD54D5 /* Move.swift */; };
		B605E889093EB2E8A08A277A /* Pods_FizzBuzzTests.framework in Frameworks */ = {isa = PBXBuildFile; fileRef = F5B6B4201821BFF04EB46B50 /* Pods_FizzBuzzTests.framework */; };
		F39C2CF71726FBA19EBA32B8 /* Pods_FizzBuzzUITests.framework in Frameworks */ = {isa = PBXBuildFile; fileRef = 0BE50D0580C6B31BD6F46F3E /* Pods_FizzBuzzUITests.framework */; };
/* End PBXBuildFile section */

/* Begin PBXContainerItemProxy section */
		3041ED07207DBF79007ED68A /* PBXContainerItemProxy */ = {
			isa = PBXContainerItemProxy;
			containerPortal = 3041ECEA207DBF79007ED68A /* Project object */;
			proxyType = 1;
			remoteGlobalIDString = 3041ECF1207DBF79007ED68A;
			remoteInfo = FizzBuzz;
		};
		3041ED12207DBF79007ED68A /* PBXContainerItemProxy */ = {
			isa = PBXContainerItemProxy;
			containerPortal = 3041ECEA207DBF79007ED68A /* Project object */;
			proxyType = 1;
			remoteGlobalIDString = 3041ECF1207DBF79007ED68A;
			remoteInfo = FizzBuzz;
		};
/* End PBXContainerItemProxy section */

/* Begin PBXFileReference section */
		09C9E20A05A45B10819E9F3F /* Pods-FizzBuzzUITests.release.xcconfig */ = {isa = PBXFileReference; includeInIndex = 1; lastKnownFileType = text.xcconfig; name = "Pods-FizzBuzzUITests.release.xcconfig"; path = "Pods/Target Support Files/Pods-FizzBuzzUITests/Pods-FizzBuzzUITests.release.xcconfig"; sourceTree = "<group>"; };
		0BE50D0580C6B31BD6F46F3E /* Pods_FizzBuzzUITests.framework */ = {isa = PBXFileReference; explicitFileType = wrapper.framework; includeInIndex = 0; path = Pods_FizzBuzzUITests.framework; sourceTree = BUILT_PRODUCTS_DIR; };
		19B841352D97B3E16AE620D2 /* Pods-FizzBuzz.debug.xcconfig */ = {isa = PBXFileReference; includeInIndex = 1; lastKnownFileType = text.xcconfig; name = "Pods-FizzBuzz.debug.xcconfig"; path = "Pods/Target Support Files/Pods-FizzBuzz/Pods-FizzBuzz.debug.xcconfig"; sourceTree = "<group>"; };
		1A3AA0A772C6DB49F809161A /* Pods-FizzBuzzTests.debug.xcconfig */ = {isa = PBXFileReference; includeInIndex = 1; lastKnownFileType = text.xcconfig; name = "Pods-FizzBuzzTests.debug.xcconfig"; path = "Pods/Target Support Files/Pods-FizzBuzzTests/Pods-FizzBuzzTests.debug.xcconfig"; sourceTree = "<group>"; };
		3041ECF2207DBF79007ED68A /* FizzBuzz.app */ = {isa = PBXFileReference; explicitFileType = wrapper.application; includeInIndex = 0; path = FizzBuzz.app; sourceTree = BUILT_PRODUCTS_DIR; };
		3041ECF5207DBF79007ED68A /* AppDelegate.swift */ = {isa = PBXFileReference; lastKnownFileType = sourcecode.swift; path = AppDelegate.swift; sourceTree = "<group>"; };
		3041ECF7207DBF79007ED68A /* ViewController.swift */ = {isa = PBXFileReference; lastKnownFileType = sourcecode.swift; path = ViewController.swift; sourceTree = "<group>"; };
		3041ECFA207DBF79007ED68A /* Base */ = {isa = PBXFileReference; lastKnownFileType = file.storyboard; name = Base; path = Base.lproj/Main.storyboard; sourceTree = "<group>"; };
		3041ECFC207DBF79007ED68A /* Assets.xcassets */ = {isa = PBXFileReference; lastKnownFileType = folder.assetcatalog; path = Assets.xcassets; sourceTree = "<group>"; };
		3041ECFF207DBF79007ED68A /* Base */ = {isa = PBXFileReference; lastKnownFileType = file.storyboard; name = Base; path = Base.lproj/LaunchScreen.storyboard; sourceTree = "<group>"; };
		3041ED01207DBF79007ED68A /* Info.plist */ = {isa = PBXFileReference; lastKnownFileType = text.plist.xml; path = Info.plist; sourceTree = "<group>"; };
		3041ED06207DBF79007ED68A /* FizzBuzzTests.xctest */ = {isa = PBXFileReference; explicitFileType = wrapper.cfbundle; includeInIndex = 0; path = FizzBuzzTests.xctest; sourceTree = BUILT_PRODUCTS_DIR; };
		3041ED0C207DBF79007ED68A /* Info.plist */ = {isa = PBXFileReference; lastKnownFileType = text.plist.xml; path = Info.plist; sourceTree = "<group>"; };
		3041ED11207DBF79007ED68A /* FizzBuzzUITests.xctest */ = {isa = PBXFileReference; explicitFileType = wrapper.cfbundle; includeInIndex = 0; path = FizzBuzzUITests.xctest; sourceTree = BUILT_PRODUCTS_DIR; };
		3041ED17207DBF79007ED68A /* Info.plist */ = {isa = PBXFileReference; lastKnownFileType = text.plist.xml; path = Info.plist; sourceTree = "<group>"; };
		3041ED23207DBFDE007ED68A /* BrainTest.swift */ = {isa = PBXFileReference; lastKnownFileType = sourcecode.swift; path = BrainTest.swift; sourceTree = "<group>"; };
		3041ED25207DEC51007ED68A /* Brain.swift */ = {isa = PBXFileReference; lastKnownFileType = sourcecode.swift; path = Brain.swift; sourceTree = "<group>"; };
		3041ED27207E1878007ED68A /* GameTest.swift */ = {isa = PBXFileReference; lastKnownFileType = sourcecode.swift; path = GameTest.swift; sourceTree = "<group>"; };
		3041ED29207E18CC007ED68A /* Game.swift */ = {isa = PBXFileReference; lastKnownFileType = sourcecode.swift; path = Game.swift; sourceTree = "<group>"; };
		30AC6E5E20844D7200C7BF69 /* ViewControllerUnitTest.swift */ = {isa = PBXFileReference; lastKnownFileType = sourcecode.swift; path = ViewControllerUnitTest.swift; sourceTree = "<group>"; };
		30CB28942091B3CA0046381B /* SnapshotHelper.swift */ = {isa = PBXFileReference; fileEncoding = 4; lastKnownFileType = sourcecode.swift; name = SnapshotHelper.swift; path = fastlane/SnapshotHelper.swift; sourceTree = SOURCE_ROOT; };
		30CF48372084825100A26CC1 /* ViewControllerUiTest.swift */ = {isa = PBXFileReference; lastKnownFileType = sourcecode.swift; path = ViewControllerUiTest.swift; sourceTree = "<group>"; };
		30F7FB872084BE0300CD54D5 /* Move.swift */ = {isa = PBXFileReference; lastKnownFileType = sourcecode.swift; path = Move.swift; sourceTree = "<group>"; };
		3702B4B4A2A587AE6ADDA597 /* Pods-FizzBuzzTests.release.xcconfig */ = {isa = PBXFileReference; includeInIndex = 1; lastKnownFileType = text.xcconfig; name = "Pods-FizzBuzzTests.release.xcconfig"; path = "Pods/Target Support Files/Pods-FizzBuzzTests/Pods-FizzBuzzTests.release.xcconfig"; sourceTree = "<group>"; };
		644E4C2484BE14B6B125F716 /* Pods-FizzBuzzUITests.debug.xcconfig */ = {isa = PBXFileReference; includeInIndex = 1; lastKnownFileType = text.xcconfig; name = "Pods-FizzBuzzUITests.debug.xcconfig"; path = "Pods/Target Support Files/Pods-FizzBuzzUITests/Pods-FizzBuzzUITests.debug.xcconfig"; sourceTree = "<group>"; };
		8900BA4DD21DA30BDD3162F3 /* Pods-FizzBuzz.release.xcconfig */ = {isa = PBXFileReference; includeInIndex = 1; lastKnownFileType = text.xcconfig; name = "Pods-FizzBuzz.release.xcconfig"; path = "Pods/Target Support Files/Pods-FizzBuzz/Pods-FizzBuzz.release.xcconfig"; sourceTree = "<group>"; };
		DEA307BBF7982123C1E40902 /* Pods_FizzBuzz.framework */ = {isa = PBXFileReference; explicitFileType = wrapper.framework; includeInIndex = 0; path = Pods_FizzBuzz.framework; sourceTree = BUILT_PRODUCTS_DIR; };
		F5B6B4201821BFF04EB46B50 /* Pods_FizzBuzzTests.framework */ = {isa = PBXFileReference; explicitFileType = wrapper.framework; includeInIndex = 0; path = Pods_FizzBuzzTests.framework; sourceTree = BUILT_PRODUCTS_DIR; };
/* End PBXFileReference section */

/* Begin PBXFrameworksBuildPhase section */
		3041ECEF207DBF79007ED68A /* Frameworks */ = {
			isa = PBXFrameworksBuildPhase;
			buildActionMask = 2147483647;
			files = (
				04F260D98DC81017CE8E557A /* Pods_FizzBuzz.framework in Frameworks */,
			);
			runOnlyForDeploymentPostprocessing = 0;
		};
		3041ED03207DBF79007ED68A /* Frameworks */ = {
			isa = PBXFrameworksBuildPhase;
			buildActionMask = 2147483647;
			files = (
				B605E889093EB2E8A08A277A /* Pods_FizzBuzzTests.framework in Frameworks */,
			);
			runOnlyForDeploymentPostprocessing = 0;
		};
		3041ED0E207DBF79007ED68A /* Frameworks */ = {
			isa = PBXFrameworksBuildPhase;
			buildActionMask = 2147483647;
			files = (
				F39C2CF71726FBA19EBA32B8 /* Pods_FizzBuzzUITests.framework in Frameworks */,
			);
			runOnlyForDeploymentPostprocessing = 0;
		};
/* End PBXFrameworksBuildPhase section */

/* Begin PBXGroup section */
		3041ECE9207DBF79007ED68A = {
			isa = PBXGroup;
			children = (
				3041ECF4207DBF79007ED68A /* FizzBuzz */,
				3041ED09207DBF79007ED68A /* FizzBuzzTests */,
				3041ED14207DBF79007ED68A /* FizzBuzzUITests */,
				3041ECF3207DBF79007ED68A /* Products */,
				D83F7D05B39257F6D0A2B0E5 /* Pods */,
				FFD54723BCDB3FEED642C520 /* Frameworks */,
			);
			sourceTree = "<group>";
		};
		3041ECF3207DBF79007ED68A /* Products */ = {
			isa = PBXGroup;
			children = (
				3041ECF2207DBF79007ED68A /* FizzBuzz.app */,
				3041ED06207DBF79007ED68A /* FizzBuzzTests.xctest */,
				3041ED11207DBF79007ED68A /* FizzBuzzUITests.xctest */,
			);
			name = Products;
			sourceTree = "<group>";
		};
		3041ECF4207DBF79007ED68A /* FizzBuzz */ = {
			isa = PBXGroup;
			children = (
				3041ECF5207DBF79007ED68A /* AppDelegate.swift */,
				3041ECF7207DBF79007ED68A /* ViewController.swift */,
				3041ED25207DEC51007ED68A /* Brain.swift */,
				3041ED29207E18CC007ED68A /* Game.swift */,
				30F7FB872084BE0300CD54D5 /* Move.swift */,
				3041ECF9207DBF79007ED68A /* Main.storyboard */,
				3041ECFC207DBF79007ED68A /* Assets.xcassets */,
				3041ECFE207DBF79007ED68A /* LaunchScreen.storyboard */,
				3041ED01207DBF79007ED68A /* Info.plist */,
			);
			path = FizzBuzz;
			sourceTree = "<group>";
		};
		3041ED09207DBF79007ED68A /* FizzBuzzTests */ = {
			isa = PBXGroup;
			children = (
				3041ED23207DBFDE007ED68A /* BrainTest.swift */,
				3041ED27207E1878007ED68A /* GameTest.swift */,
				30AC6E5E20844D7200C7BF69 /* ViewControllerUnitTest.swift */,
				3041ED0C207DBF79007ED68A /* Info.plist */,
			);
			path = FizzBuzzTests;
			sourceTree = "<group>";
		};
		3041ED14207DBF79007ED68A /* FizzBuzzUITests */ = {
			isa = PBXGroup;
			children = (
				30CF48372084825100A26CC1 /* ViewControllerUiTest.swift */,
				30CB28942091B3CA0046381B /* SnapshotHelper.swift */,
				3041ED17207DBF79007ED68A /* Info.plist */,
			);
			path = FizzBuzzUITests;
			sourceTree = "<group>";
		};
		D83F7D05B39257F6D0A2B0E5 /* Pods */ = {
			isa = PBXGroup;
			children = (
				19B841352D97B3E16AE620D2 /* Pods-FizzBuzz.debug.xcconfig */,
				8900BA4DD21DA30BDD3162F3 /* Pods-FizzBuzz.release.xcconfig */,
				1A3AA0A772C6DB49F809161A /* Pods-FizzBuzzTests.debug.xcconfig */,
				3702B4B4A2A587AE6ADDA597 /* Pods-FizzBuzzTests.release.xcconfig */,
				644E4C2484BE14B6B125F716 /* Pods-FizzBuzzUITests.debug.xcconfig */,
				09C9E20A05A45B10819E9F3F /* Pods-FizzBuzzUITests.release.xcconfig */,
			);
			name = Pods;
			sourceTree = "<group>";
		};
		FFD54723BCDB3FEED642C520 /* Frameworks */ = {
			isa = PBXGroup;
			children = (
				DEA307BBF7982123C1E40902 /* Pods_FizzBuzz.framework */,
				F5B6B4201821BFF04EB46B50 /* Pods_FizzBuzzTests.framework */,
				0BE50D0580C6B31BD6F46F3E /* Pods_FizzBuzzUITests.framework */,
			);
			name = Frameworks;
			sourceTree = "<group>";
		};
/* End PBXGroup section */

/* Begin PBXNativeTarget section */
		3041ECF1207DBF79007ED68A /* FizzBuzz */ = {
			isa = PBXNativeTarget;
			buildConfigurationList = 3041ED1A207DBF79007ED68A /* Build configuration list for PBXNativeTarget "FizzBuzz" */;
			buildPhases = (
				0871DE84123827A5E3AF1340 /* [CP] Check Pods Manifest.lock */,
				3041ECEE207DBF79007ED68A /* Sources */,
				3041ECEF207DBF79007ED68A /* Frameworks */,
				3041ECF0207DBF79007ED68A /* Resources */,
			);
			buildRules = (
			);
			dependencies = (
			);
			name = FizzBuzz;
			productName = FizzBuzz;
			productReference = 3041ECF2207DBF79007ED68A /* FizzBuzz.app */;
			productType = "com.apple.product-type.application";
		};
		3041ED05207DBF79007ED68A /* FizzBuzzTests */ = {
			isa = PBXNativeTarget;
			buildConfigurationList = 3041ED1D207DBF79007ED68A /* Build configuration list for PBXNativeTarget "FizzBuzzTests" */;
			buildPhases = (
				24A3B20AB2E9E923E46BB1DB /* [CP] Check Pods Manifest.lock */,
				3041ED02207DBF79007ED68A /* Sources */,
				3041ED03207DBF79007ED68A /* Frameworks */,
				3041ED04207DBF79007ED68A /* Resources */,
			);
			buildRules = (
			);
			dependencies = (
				3041ED08207DBF79007ED68A /* PBXTargetDependency */,
			);
			name = FizzBuzzTests;
			productName = FizzBuzzTests;
			productReference = 3041ED06207DBF79007ED68A /* FizzBuzzTests.xctest */;
			productType = "com.apple.product-type.bundle.unit-test";
		};
		3041ED10207DBF79007ED68A /* FizzBuzzUITests */ = {
			isa = PBXNativeTarget;
			buildConfigurationList = 3041ED20207DBF79007ED68A /* Build configuration list for PBXNativeTarget "FizzBuzzUITests" */;
			buildPhases = (
				3CC7D7613FDC0D122023B05A /* [CP] Check Pods Manifest.lock */,
				3041ED0D207DBF79007ED68A /* Sources */,
				3041ED0E207DBF79007ED68A /* Frameworks */,
				3041ED0F207DBF79007ED68A /* Resources */,
			);
			buildRules = (
			);
			dependencies = (
				3041ED13207DBF79007ED68A /* PBXTargetDependency */,
			);
			name = FizzBuzzUITests;
			productName = FizzBuzzUITests;
			productReference = 3041ED11207DBF79007ED68A /* FizzBuzzUITests.xctest */;
			productType = "com.apple.product-type.bundle.ui-testing";
		};
/* End PBXNativeTarget section */

/* Begin PBXProject section */
		3041ECEA207DBF79007ED68A /* Project object */ = {
			isa = PBXProject;
			attributes = {
				LastSwiftUpdateCheck = 0920;
				LastUpgradeCheck = 0930;
				ORGANIZATIONNAME = tondutchie;
				TargetAttributes = {
					3041ECF1207DBF79007ED68A = {
						CreatedOnToolsVersion = 9.2;
						ProvisioningStyle = Automatic;
					};
					3041ED05207DBF79007ED68A = {
						CreatedOnToolsVersion = 9.2;
						LastSwiftMigration = 0920;
						ProvisioningStyle = Automatic;
						TestTargetID = 3041ECF1207DBF79007ED68A;
					};
					3041ED10207DBF79007ED68A = {
						CreatedOnToolsVersion = 9.2;
						LastSwiftMigration = 0930;
						ProvisioningStyle = Automatic;
						TestTargetID = 3041ECF1207DBF79007ED68A;
					};
				};
			};
			buildConfigurationList = 3041ECED207DBF79007ED68A /* Build configuration list for PBXProject "FizzBuzz" */;
			compatibilityVersion = "Xcode 8.0";
			developmentRegion = en;
			hasScannedForEncodings = 0;
			knownRegions = (
				en,
				Base,
			);
			mainGroup = 3041ECE9207DBF79007ED68A;
			productRefGroup = 3041ECF3207DBF79007ED68A /* Products */;
			projectDirPath = "";
			projectRoot = "";
			targets = (
				3041ECF1207DBF79007ED68A /* FizzBuzz */,
				3041ED05207DBF79007ED68A /* FizzBuzzTests */,
				3041ED10207DBF79007ED68A /* FizzBuzzUITests */,
			);
		};
/* End PBXProject section */

/* Begin PBXResourcesBuildPhase section */
		3041ECF0207DBF79007ED68A /* Resources */ = {
			isa = PBXResourcesBuildPhase;
			buildActionMask = 2147483647;
			files = (
				3041ED00207DBF79007ED68A /* LaunchScreen.storyboard in Resources */,
				3041ECFD207DBF79007ED68A /* Assets.xcassets in Resources */,
				3041ECFB207DBF79007ED68A /* Main.storyboard in Resources */,
			);
			runOnlyForDeploymentPostprocessing = 0;
		};
		3041ED04207DBF79007ED68A /* Resources */ = {
			isa = PBXResourcesBuildPhase;
			buildActionMask = 2147483647;
			files = (
			);
			runOnlyForDeploymentPostprocessing = 0;
		};
		3041ED0F207DBF79007ED68A /* Resources */ = {
			isa = PBXResourcesBuildPhase;
			buildActionMask = 2147483647;
			files = (
			);
			runOnlyForDeploymentPostprocessing = 0;
		};
/* End PBXResourcesBuildPhase section */

/* Begin PBXShellScriptBuildPhase section */
		0871DE84123827A5E3AF1340 /* [CP] Check Pods Manifest.lock */ = {
			isa = PBXShellScriptBuildPhase;
			buildActionMask = 2147483647;
			files = (
			);
			inputPaths = (
				"${PODS_PODFILE_DIR_PATH}/Podfile.lock",
				"${PODS_ROOT}/Manifest.lock",
			);
			name = "[CP] Check Pods Manifest.lock";
			outputPaths = (
				"$(DERIVED_FILE_DIR)/Pods-FizzBuzz-checkManifestLockResult.txt",
			);
			runOnlyForDeploymentPostprocessing = 0;
			shellPath = /bin/sh;
			shellScript = "diff \"${PODS_PODFILE_DIR_PATH}/Podfile.lock\" \"${PODS_ROOT}/Manifest.lock\" > /dev/null\nif [ $? != 0 ] ; then\n    # print error to STDERR\n    echo \"error: The sandbox is not in sync with the Podfile.lock. Run 'pod install' or update your CocoaPods installation.\" >&2\n    exit 1\nfi\n# This output is used by Xcode 'outputs' to avoid re-running this script phase.\necho \"SUCCESS\" > \"${SCRIPT_OUTPUT_FILE_0}\"\n";
			showEnvVarsInLog = 0;
		};
		24A3B20AB2E9E923E46BB1DB /* [CP] Check Pods Manifest.lock */ = {
			isa = PBXShellScriptBuildPhase;
			buildActionMask = 2147483647;
			files = (
			);
			inputPaths = (
				"${PODS_PODFILE_DIR_PATH}/Podfile.lock",
				"${PODS_ROOT}/Manifest.lock",
			);
			name = "[CP] Check Pods Manifest.lock";
			outputPaths = (
				"$(DERIVED_FILE_DIR)/Pods-FizzBuzzTests-checkManifestLockResult.txt",
			);
			runOnlyForDeploymentPostprocessing = 0;
			shellPath = /bin/sh;
			shellScript = "diff \"${PODS_PODFILE_DIR_PATH}/Podfile.lock\" \"${PODS_ROOT}/Manifest.lock\" > /dev/null\nif [ $? != 0 ] ; then\n    # print error to STDERR\n    echo \"error: The sandbox is not in sync with the Podfile.lock. Run 'pod install' or update your CocoaPods installation.\" >&2\n    exit 1\nfi\n# This output is used by Xcode 'outputs' to avoid re-running this script phase.\necho \"SUCCESS\" > \"${SCRIPT_OUTPUT_FILE_0}\"\n";
			showEnvVarsInLog = 0;
		};
		3CC7D7613FDC0D122023B05A /* [CP] Check Pods Manifest.lock */ = {
			isa = PBXShellScriptBuildPhase;
			buildActionMask = 2147483647;
			files = (
			);
			inputPaths = (
				"${PODS_PODFILE_DIR_PATH}/Podfile.lock",
				"${PODS_ROOT}/Manifest.lock",
			);
			name = "[CP] Check Pods Manifest.lock";
			outputPaths = (
				"$(DERIVED_FILE_DIR)/Pods-FizzBuzzUITests-checkManifestLockResult.txt",
			);
			runOnlyForDeploymentPostprocessing = 0;
			shellPath = /bin/sh;
			shellScript = "diff \"${PODS_PODFILE_DIR_PATH}/Podfile.lock\" \"${PODS_ROOT}/Manifest.lock\" > /dev/null\nif [ $? != 0 ] ; then\n    # print error to STDERR\n    echo \"error: The sandbox is not in sync with the Podfile.lock. Run 'pod install' or update your CocoaPods installation.\" >&2\n    exit 1\nfi\n# This output is used by Xcode 'outputs' to avoid re-running this script phase.\necho \"SUCCESS\" > \"${SCRIPT_OUTPUT_FILE_0}\"\n";
			showEnvVarsInLog = 0;
		};
/* End PBXShellScriptBuildPhase section */

/* Begin PBXSourcesBuildPhase section */
		3041ECEE207DBF79007ED68A /* Sources */ = {
			isa = PBXSourcesBuildPhase;
			buildActionMask = 2147483647;
			files = (
				30F7FB882084BE0300CD54D5 /* Move.swift in Sources */,
				3041ECF8207DBF79007ED68A /* ViewController.swift in Sources */,
				3041ED26207DEC51007ED68A /* Brain.swift in Sources */,
				3041ECF6207DBF79007ED68A /* AppDelegate.swift in Sources */,
				3041ED2A207E18CC007ED68A /* Game.swift in Sources */,
			);
			runOnlyForDeploymentPostprocessing = 0;
		};
		3041ED02207DBF79007ED68A /* Sources */ = {
			isa = PBXSourcesBuildPhase;
			buildActionMask = 2147483647;
			files = (
				3041ED24207DBFDE007ED68A /* BrainTest.swift in Sources */,
				30AC6E6020844D7800C7BF69 /* ViewControllerUnitTest.swift in Sources */,
				3041ED28207E1878007ED68A /* GameTest.swift in Sources */,
			);
			runOnlyForDeploymentPostprocessing = 0;
		};
		3041ED0D207DBF79007ED68A /* Sources */ = {
			isa = PBXSourcesBuildPhase;
			buildActionMask = 2147483647;
			files = (
				30CF48382084825100A26CC1 /* ViewControllerUiTest.swift in Sources */,
				30CB28952091B3CA0046381B /* SnapshotHelper.swift in Sources */,
			);
			runOnlyForDeploymentPostprocessing = 0;
		};
/* End PBXSourcesBuildPhase section */

/* Begin PBXTargetDependency section */
		3041ED08207DBF79007ED68A /* PBXTargetDependency */ = {
			isa = PBXTargetDependency;
			target = 3041ECF1207DBF79007ED68A /* FizzBuzz */;
			targetProxy = 3041ED07207DBF79007ED68A /* PBXContainerItemProxy */;
		};
		3041ED13207DBF79007ED68A /* PBXTargetDependency */ = {
			isa = PBXTargetDependency;
			target = 3041ECF1207DBF79007ED68A /* FizzBuzz */;
			targetProxy = 3041ED12207DBF79007ED68A /* PBXContainerItemProxy */;
		};
/* End PBXTargetDependency section */

/* Begin PBXVariantGroup section */
		3041ECF9207DBF79007ED68A /* Main.storyboard */ = {
			isa = PBXVariantGroup;
			children = (
				3041ECFA207DBF79007ED68A /* Base */,
			);
			name = Main.storyboard;
			sourceTree = "<group>";
		};
		3041ECFE207DBF79007ED68A /* LaunchScreen.storyboard */ = {
			isa = PBXVariantGroup;
			children = (
				3041ECFF207DBF79007ED68A /* Base */,
			);
			name = LaunchScreen.storyboard;
			sourceTree = "<group>";
		};
/* End PBXVariantGroup section */

/* Begin XCBuildConfiguration section */
		3041ED18207DBF79007ED68A /* Debug */ = {
			isa = XCBuildConfiguration;
			buildSettings = {
				ALWAYS_SEARCH_USER_PATHS = NO;
				CLANG_ANALYZER_NONNULL = YES;
				CLANG_ANALYZER_NUMBER_OBJECT_CONVERSION = YES_AGGRESSIVE;
				CLANG_CXX_LANGUAGE_STANDARD = "gnu++14";
				CLANG_CXX_LIBRARY = "libc++";
				CLANG_ENABLE_MODULES = YES;
				CLANG_ENABLE_OBJC_ARC = YES;
				CLANG_WARN_BLOCK_CAPTURE_AUTORELEASING = YES;
				CLANG_WARN_BOOL_CONVERSION = YES;
				CLANG_WARN_COMMA = YES;
				CLANG_WARN_CONSTANT_CONVERSION = YES;
				CLANG_WARN_DEPRECATED_OBJC_IMPLEMENTATIONS = YES;
				CLANG_WARN_DIRECT_OBJC_ISA_USAGE = YES_ERROR;
				CLANG_WARN_DOCUMENTATION_COMMENTS = YES;
				CLANG_WARN_EMPTY_BODY = YES;
				CLANG_WARN_ENUM_CONVERSION = YES;
				CLANG_WARN_INFINITE_RECURSION = YES;
				CLANG_WARN_INT_CONVERSION = YES;
				CLANG_WARN_NON_LITERAL_NULL_CONVERSION = YES;
				CLANG_WARN_OBJC_IMPLICIT_RETAIN_SELF = YES;
				CLANG_WARN_OBJC_LITERAL_CONVERSION = YES;
				CLANG_WARN_OBJC_ROOT_CLASS = YES_ERROR;
				CLANG_WARN_RANGE_LOOP_ANALYSIS = YES;
				CLANG_WARN_STRICT_PROTOTYPES = YES;
				CLANG_WARN_SUSPICIOUS_MOVE = YES;
				CLANG_WARN_UNGUARDED_AVAILABILITY = YES_AGGRESSIVE;
				CLANG_WARN_UNREACHABLE_CODE = YES;
				CLANG_WARN__DUPLICATE_METHOD_MATCH = YES;
				CODE_SIGN_IDENTITY = "iPhone Developer";
				COPY_PHASE_STRIP = NO;
				DEBUG_INFORMATION_FORMAT = dwarf;
				ENABLE_STRICT_OBJC_MSGSEND = YES;
				ENABLE_TESTABILITY = YES;
				GCC_C_LANGUAGE_STANDARD = gnu11;
				GCC_DYNAMIC_NO_PIC = NO;
				GCC_NO_COMMON_BLOCKS = YES;
				GCC_OPTIMIZATION_LEVEL = 0;
				GCC_PREPROCESSOR_DEFINITIONS = (
					"DEBUG=1",
					"$(inherited)",
				);
				GCC_WARN_64_TO_32_BIT_CONVERSION = YES;
				GCC_WARN_ABOUT_RETURN_TYPE = YES_ERROR;
				GCC_WARN_UNDECLARED_SELECTOR = YES;
				GCC_WARN_UNINITIALIZED_AUTOS = YES_AGGRESSIVE;
				GCC_WARN_UNUSED_FUNCTION = YES;
				GCC_WARN_UNUSED_VARIABLE = YES;
				IPHONEOS_DEPLOYMENT_TARGET = 11.2;
				MTL_ENABLE_DEBUG_INFO = YES;
				ONLY_ACTIVE_ARCH = YES;
				SDKROOT = iphoneos;
				SWIFT_ACTIVE_COMPILATION_CONDITIONS = DEBUG;
				SWIFT_OPTIMIZATION_LEVEL = "-Onone";
			};
			name = Debug;
		};
		3041ED19207DBF79007ED68A /* Release */ = {
			isa = XCBuildConfiguration;
			buildSettings = {
				ALWAYS_SEARCH_USER_PATHS = NO;
				CLANG_ANALYZER_NONNULL = YES;
				CLANG_ANALYZER_NUMBER_OBJECT_CONVERSION = YES_AGGRESSIVE;
				CLANG_CXX_LANGUAGE_STANDARD = "gnu++14";
				CLANG_CXX_LIBRARY = "libc++";
				CLANG_ENABLE_MODULES = YES;
				CLANG_ENABLE_OBJC_ARC = YES;
				CLANG_WARN_BLOCK_CAPTURE_AUTORELEASING = YES;
				CLANG_WARN_BOOL_CONVERSION = YES;
				CLANG_WARN_COMMA = YES;
				CLANG_WARN_CONSTANT_CONVERSION = YES;
				CLANG_WARN_DEPRECATED_OBJC_IMPLEMENTATIONS = YES;
				CLANG_WARN_DIRECT_OBJC_ISA_USAGE = YES_ERROR;
				CLANG_WARN_DOCUMENTATION_COMMENTS = YES;
				CLANG_WARN_EMPTY_BODY = YES;
				CLANG_WARN_ENUM_CONVERSION = YES;
				CLANG_WARN_INFINITE_RECURSION = YES;
				CLANG_WARN_INT_CONVERSION = YES;
				CLANG_WARN_NON_LITERAL_NULL_CONVERSION = YES;
				CLANG_WARN_OBJC_IMPLICIT_RETAIN_SELF = YES;
				CLANG_WARN_OBJC_LITERAL_CONVERSION = YES;
				CLANG_WARN_OBJC_ROOT_CLASS = YES_ERROR;
				CLANG_WARN_RANGE_LOOP_ANALYSIS = YES;
				CLANG_WARN_STRICT_PROTOTYPES = YES;
				CLANG_WARN_SUSPICIOUS_MOVE = YES;
				CLANG_WARN_UNGUARDED_AVAILABILITY = YES_AGGRESSIVE;
				CLANG_WARN_UNREACHABLE_CODE = YES;
				CLANG_WARN__DUPLICATE_METHOD_MATCH = YES;
				CODE_SIGN_IDENTITY = "iPhone Developer";
				COPY_PHASE_STRIP = NO;
				DEBUG_INFORMATION_FORMAT = "dwarf-with-dsym";
				ENABLE_NS_ASSERTIONS = NO;
				ENABLE_STRICT_OBJC_MSGSEND = YES;
				GCC_C_LANGUAGE_STANDARD = gnu11;
				GCC_NO_COMMON_BLOCKS = YES;
				GCC_WARN_64_TO_32_BIT_CONVERSION = YES;
				GCC_WARN_ABOUT_RETURN_TYPE = YES_ERROR;
				GCC_WARN_UNDECLARED_SELECTOR = YES;
				GCC_WARN_UNINITIALIZED_AUTOS = YES_AGGRESSIVE;
				GCC_WARN_UNUSED_FUNCTION = YES;
				GCC_WARN_UNUSED_VARIABLE = YES;
				IPHONEOS_DEPLOYMENT_TARGET = 11.2;
				MTL_ENABLE_DEBUG_INFO = NO;
				SDKROOT = iphoneos;
				SWIFT_OPTIMIZATION_LEVEL = "-Owholemodule";
				VALIDATE_PRODUCT = YES;
			};
			name = Release;
		};
		3041ED1B207DBF79007ED68A /* Debug */ = {
			isa = XCBuildConfiguration;
			baseConfigurationReference = 19B841352D97B3E16AE620D2 /* Pods-FizzBuzz.debug.xcconfig */;
			buildSettings = {
				ASSETCATALOG_COMPILER_APPICON_NAME = AppIcon;
				CODE_SIGN_STYLE = Automatic;
				CURRENT_PROJECT_VERSION = 9;
				DEVELOPMENT_TEAM = 84SHK54Q5B;
				INFOPLIST_FILE = FizzBuzz/Info.plist;
				LD_RUNPATH_SEARCH_PATHS = "$(inherited) @executable_path/Frameworks";
				PRODUCT_BUNDLE_IDENTIFIER = com.krungsri.fizbuz;
				PRODUCT_NAME = "$(TARGET_NAME)";
				SWIFT_VERSION = 4.0;
				TARGETED_DEVICE_FAMILY = "1,2";
				VERSIONING_SYSTEM = "apple-generic";
			};
			name = Debug;
		};
		3041ED1C207DBF79007ED68A /* Release */ = {
			isa = XCBuildConfiguration;
			baseConfigurationReference = 8900BA4DD21DA30BDD3162F3 /* Pods-FizzBuzz.release.xcconfig */;
			buildSettings = {
				ASSETCATALOG_COMPILER_APPICON_NAME = AppIcon;
				CODE_SIGN_STYLE = Automatic;
				CURRENT_PROJECT_VERSION = 9;
				DEVELOPMENT_TEAM = 84SHK54Q5B;
				INFOPLIST_FILE = FizzBuzz/Info.plist;
				LD_RUNPATH_SEARCH_PATHS = "$(inherited) @executable_path/Frameworks";
				PRODUCT_BUNDLE_IDENTIFIER = com.krungsri.fizbuz;
				PRODUCT_NAME = "$(TARGET_NAME)";
				SWIFT_VERSION = 4.0;
				TARGETED_DEVICE_FAMILY = "1,2";
				VERSIONING_SYSTEM = "apple-generic";
			};
			name = Release;
		};
		3041ED1E207DBF79007ED68A /* Debug */ = {
			isa = XCBuildConfiguration;
			baseConfigurationReference = 1A3AA0A772C6DB49F809161A /* Pods-FizzBuzzTests.debug.xcconfig */;
			buildSettings = {
				ALWAYS_EMBED_SWIFT_STANDARD_LIBRARIES = YES;
				BUNDLE_LOADER = "$(TEST_HOST)";
				CLANG_ENABLE_MODULES = YES;
				CODE_SIGN_STYLE = Automatic;
				DEVELOPMENT_TEAM = 9TM4S6NU5K;
				INFOPLIST_FILE = FizzBuzzTests/Info.plist;
				LD_RUNPATH_SEARCH_PATHS = "$(inherited) @executable_path/Frameworks @loader_path/Frameworks";
				PRODUCT_BUNDLE_IDENTIFIER = com.tdc.FizzBuzzTests;
				PRODUCT_NAME = "$(TARGET_NAME)";
				SWIFT_OPTIMIZATION_LEVEL = "-Onone";
				SWIFT_VERSION = 4.0;
				TARGETED_DEVICE_FAMILY = "1,2";
				TEST_HOST = "$(BUILT_PRODUCTS_DIR)/FizzBuzz.app/FizzBuzz";
			};
			name = Debug;
		};
		3041ED1F207DBF79007ED68A /* Release */ = {
			isa = XCBuildConfiguration;
			baseConfigurationReference = 3702B4B4A2A587AE6ADDA597 /* Pods-FizzBuzzTests.release.xcconfig */;
			buildSettings = {
				ALWAYS_EMBED_SWIFT_STANDARD_LIBRARIES = YES;
				BUNDLE_LOADER = "$(TEST_HOST)";
				CLANG_ENABLE_MODULES = YES;
				CODE_SIGN_STYLE = Automatic;
				DEVELOPMENT_TEAM = 9TM4S6NU5K;
				INFOPLIST_FILE = FizzBuzzTests/Info.plist;
				LD_RUNPATH_SEARCH_PATHS = "$(inherited) @executable_path/Frameworks @loader_path/Frameworks";
				PRODUCT_BUNDLE_IDENTIFIER = com.tdc.FizzBuzzTests;
				PRODUCT_NAME = "$(TARGET_NAME)";
				SWIFT_VERSION = 4.0;
				TARGETED_DEVICE_FAMILY = "1,2";
				TEST_HOST = "$(BUILT_PRODUCTS_DIR)/FizzBuzz.app/FizzBuzz";
			};
			name = Release;
		};
		3041ED21207DBF79007ED68A /* Debug */ = {
			isa = XCBuildConfiguration;
			baseConfigurationReference = 644E4C2484BE14B6B125F716 /* Pods-FizzBuzzUITests.debug.xcconfig */;
			buildSettings = {
				ALWAYS_EMBED_SWIFT_STANDARD_LIBRARIES = YES;
				CLANG_ENABLE_MODULES = YES;
				CODE_SIGN_STYLE = Automatic;
				DEVELOPMENT_TEAM = 9TM4S6NU5K;
				INFOPLIST_FILE = FizzBuzzUITests/Info.plist;
				LD_RUNPATH_SEARCH_PATHS = "$(inherited) @executable_path/Frameworks @loader_path/Frameworks";
				PRODUCT_BUNDLE_IDENTIFIER = com.tdc.FizzBuzzUITests;
				PRODUCT_NAME = "$(TARGET_NAME)";
				SWIFT_OPTIMIZATION_LEVEL = "-Onone";
				SWIFT_VERSION = 4.0;
				TARGETED_DEVICE_FAMILY = "1,2";
				TEST_TARGET_NAME = FizzBuzz;
			};
			name = Debug;
		};
		3041ED22207DBF79007ED68A /* Release */ = {
			isa = XCBuildConfiguration;
			baseConfigurationReference = 09C9E20A05A45B10819E9F3F /* Pods-FizzBuzzUITests.release.xcconfig */;
			buildSettings = {
				ALWAYS_EMBED_SWIFT_STANDARD_LIBRARIES = YES;
				CLANG_ENABLE_MODULES = YES;
				CODE_SIGN_STYLE = Automatic;
				DEVELOPMENT_TEAM = 9TM4S6NU5K;
				INFOPLIST_FILE = FizzBuzzUITests/Info.plist;
				LD_RUNPATH_SEARCH_PATHS = "$(inherited) @executable_path/Frameworks @loader_path/Frameworks";
				PRODUCT_BUNDLE_IDENTIFIER = com.tdc.FizzBuzzUITests;
				PRODUCT_NAME = "$(TARGET_NAME)";
				SWIFT_VERSION = 4.0;
				TARGETED_DEVICE_FAMILY = "1,2";
				TEST_TARGET_NAME = FizzBuzz;
			};
			name = Release;
		};
/* End XCBuildConfiguration section */

/* Begin XCConfigurationList section */
		3041ECED207DBF79007ED68A /* Build configuration list for PBXProject "FizzBuzz" */ = {
			isa = XCConfigurationList;
			buildConfigurations = (
				3041ED18207DBF79007ED68A /* Debug */,
				3041ED19207DBF79007ED68A /* Release */,
			);
			defaultConfigurationIsVisible = 0;
			defaultConfigurationName = Release;
		};
		3041ED1A207DBF79007ED68A /* Build configuration list for PBXNativeTarget "FizzBuzz" */ = {
			isa = XCConfigurationList;
			buildConfigurations = (
				3041ED1B207DBF79007ED68A /* Debug */,
				3041ED1C207DBF79007ED68A /* Release */,
			);
			defaultConfigurationIsVisible = 0;
			defaultConfigurationName = Release;
		};
		3041ED1D207DBF79007ED68A /* Build configuration list for PBXNativeTarget "FizzBuzzTests" */ = {
			isa = XCConfigurationList;
			buildConfigurations = (
				3041ED1E207DBF79007ED68A /* Debug */,
				3041ED1F207DBF79007ED68A /* Release */,
			);
			defaultConfigurationIsVisible = 0;
			defaultConfigurationName = Release;
		};
		3041ED20207DBF79007ED68A /* Build configuration list for PBXNativeTarget "FizzBuzzUITests" */ = {
			isa = XCConfigurationList;
			buildConfigurations = (
				3041ED21207DBF79007ED68A /* Debug */,
				3041ED22207DBF79007ED68A /* Release */,
			);
			defaultConfigurationIsVisible = 0;
			defaultConfigurationName = Release;
		};
/* End XCConfigurationList section */
	};
	rootObject = 3041ECEA207DBF79007ED68A /* Project object */;
}
