// !$*UTF8*$!
{
	archiveVersion = 1;
	classes = {
	};
	objectVersion = 50;
	objects = {

/* Begin PBXBuildFile section */
		3025F084208737BE002E6090 /* AppDelegate.swift in Sources */ = {isa = PBXBuildFile; fileRef = 3025F083208737BE002E6090 /* AppDelegate.swift */; };
		3025F086208737BE002E6090 /* ViewController.swift in Sources */ = {isa = PBXBuildFile; fileRef = 3025F085208737BE002E6090 /* ViewController.swift */; };
		3025F089208737BE002E6090 /* Main.storyboard in Resources */ = {isa = PBXBuildFile; fileRef = 3025F087208737BE002E6090 /* Main.storyboard */; };
		3025F08B208737BF002E6090 /* Assets.xcassets in Resources */ = {isa = PBXBuildFile; fileRef = 3025F08A208737BF002E6090 /* Assets.xcassets */; };
		3025F08E208737BF002E6090 /* LaunchScreen.storyboard in Resources */ = {isa = PBXBuildFile; fileRef = 3025F08C208737BF002E6090 /* LaunchScreen.storyboard */; };
		3025F0B2208737E1002E6090 /* Brain.swift in Sources */ = {isa = PBXBuildFile; fileRef = 3025F0B1208737E1002E6090 /* Brain.swift */; };
		3025F0B420873804002E6090 /* BrainTest.swift in Sources */ = {isa = PBXBuildFile; fileRef = 3025F0B320873804002E6090 /* BrainTest.swift */; };
/* End PBXBuildFile section */

/* Begin PBXContainerItemProxy section */
		3025F095208737BF002E6090 /* PBXContainerItemProxy */ = {
			isa = PBXContainerItemProxy;
			containerPortal = 3025F078208737BE002E6090 /* Project object */;
			proxyType = 1;
			remoteGlobalIDString = 3025F07F208737BE002E6090;
			remoteInfo = FizzBuzzTest;
		};
		3025F0A0208737BF002E6090 /* PBXContainerItemProxy */ = {
			isa = PBXContainerItemProxy;
			containerPortal = 3025F078208737BE002E6090 /* Project object */;
			proxyType = 1;
			remoteGlobalIDString = 3025F07F208737BE002E6090;
			remoteInfo = FizzBuzzTest;
		};
/* End PBXContainerItemProxy section */

/* Begin PBXFileReference section */
		3025F080208737BE002E6090 /* FizzBuzzTest.app */ = {isa = PBXFileReference; explicitFileType = wrapper.application; includeInIndex = 0; path = FizzBuzzTest.app; sourceTree = BUILT_PRODUCTS_DIR; };
		3025F083208737BE002E6090 /* AppDelegate.swift */ = {isa = PBXFileReference; lastKnownFileType = sourcecode.swift; path = AppDelegate.swift; sourceTree = "<group>"; };
		3025F085208737BE002E6090 /* ViewController.swift */ = {isa = PBXFileReference; lastKnownFileType = sourcecode.swift; path = ViewController.swift; sourceTree = "<group>"; };
		3025F088208737BE002E6090 /* Base */ = {isa = PBXFileReference; lastKnownFileType = file.storyboard; name = Base; path = Base.lproj/Main.storyboard; sourceTree = "<group>"; };
		3025F08A208737BF002E6090 /* Assets.xcassets */ = {isa = PBXFileReference; lastKnownFileType = folder.assetcatalog; path = Assets.xcassets; sourceTree = "<group>"; };
		3025F08D208737BF002E6090 /* Base */ = {isa = PBXFileReference; lastKnownFileType = file.storyboard; name = Base; path = Base.lproj/LaunchScreen.storyboard; sourceTree = "<group>"; };
		3025F08F208737BF002E6090 /* Info.plist */ = {isa = PBXFileReference; lastKnownFileType = text.plist.xml; path = Info.plist; sourceTree = "<group>"; };
		3025F094208737BF002E6090 /* FizzBuzzTestTests.xctest */ = {isa = PBXFileReference; explicitFileType = wrapper.cfbundle; includeInIndex = 0; path = FizzBuzzTestTests.xctest; sourceTree = BUILT_PRODUCTS_DIR; };
		3025F09A208737BF002E6090 /* Info.plist */ = {isa = PBXFileReference; lastKnownFileType = text.plist.xml; path = Info.plist; sourceTree = "<group>"; };
		3025F09F208737BF002E6090 /* FizzBuzzTestUITests.xctest */ = {isa = PBXFileReference; explicitFileType = wrapper.cfbundle; includeInIndex = 0; path = FizzBuzzTestUITests.xctest; sourceTree = BUILT_PRODUCTS_DIR; };
		3025F0A5208737BF002E6090 /* Info.plist */ = {isa = PBXFileReference; lastKnownFileType = text.plist.xml; path = Info.plist; sourceTree = "<group>"; };
		3025F0B1208737E1002E6090 /* Brain.swift */ = {isa = PBXFileReference; lastKnownFileType = sourcecode.swift; path = Brain.swift; sourceTree = "<group>"; };
		3025F0B320873804002E6090 /* BrainTest.swift */ = {isa = PBXFileReference; lastKnownFileType = sourcecode.swift; path = BrainTest.swift; sourceTree = "<group>"; };
/* End PBXFileReference section */

/* Begin PBXFrameworksBuildPhase section */
		3025F07D208737BE002E6090 /* Frameworks */ = {
			isa = PBXFrameworksBuildPhase;
			buildActionMask = 2147483647;
			files = (
			);
			runOnlyForDeploymentPostprocessing = 0;
		};
		3025F091208737BF002E6090 /* Frameworks */ = {
			isa = PBXFrameworksBuildPhase;
			buildActionMask = 2147483647;
			files = (
			);
			runOnlyForDeploymentPostprocessing = 0;
		};
		3025F09C208737BF002E6090 /* Frameworks */ = {
			isa = PBXFrameworksBuildPhase;
			buildActionMask = 2147483647;
			files = (
			);
			runOnlyForDeploymentPostprocessing = 0;
		};
/* End PBXFrameworksBuildPhase section */

/* Begin PBXGroup section */
		3025F077208737BE002E6090 = {
			isa = PBXGroup;
			children = (
				3025F082208737BE002E6090 /* FizzBuzzTest */,
				3025F097208737BF002E6090 /* FizzBuzzTestTests */,
				3025F0A2208737BF002E6090 /* FizzBuzzTestUITests */,
				3025F081208737BE002E6090 /* Products */,
			);
			sourceTree = "<group>";
		};
		3025F081208737BE002E6090 /* Products */ = {
			isa = PBXGroup;
			children = (
				3025F080208737BE002E6090 /* FizzBuzzTest.app */,
				3025F094208737BF002E6090 /* FizzBuzzTestTests.xctest */,
				3025F09F208737BF002E6090 /* FizzBuzzTestUITests.xctest */,
			);
			name = Products;
			sourceTree = "<group>";
		};
		3025F082208737BE002E6090 /* FizzBuzzTest */ = {
			isa = PBXGroup;
			children = (
				3025F083208737BE002E6090 /* AppDelegate.swift */,
				3025F085208737BE002E6090 /* ViewController.swift */,
				3025F0B1208737E1002E6090 /* Brain.swift */,
				3025F087208737BE002E6090 /* Main.storyboard */,
				3025F08A208737BF002E6090 /* Assets.xcassets */,
				3025F08C208737BF002E6090 /* LaunchScreen.storyboard */,
				3025F08F208737BF002E6090 /* Info.plist */,
			);
			path = FizzBuzzTest;
			sourceTree = "<group>";
		};
		3025F097208737BF002E6090 /* FizzBuzzTestTests */ = {
			isa = PBXGroup;
			children = (
				3025F0B320873804002E6090 /* BrainTest.swift */,
				3025F09A208737BF002E6090 /* Info.plist */,
			);
			path = FizzBuzzTestTests;
			sourceTree = "<group>";
		};
		3025F0A2208737BF002E6090 /* FizzBuzzTestUITests */ = {
			isa = PBXGroup;
			children = (
				3025F0A5208737BF002E6090 /* Info.plist */,
			);
			path = FizzBuzzTestUITests;
			sourceTree = "<group>";
		};
/* End PBXGroup section */

/* Begin PBXNativeTarget section */
		3025F07F208737BE002E6090 /* FizzBuzzTest */ = {
			isa = PBXNativeTarget;
			buildConfigurationList = 3025F0A8208737BF002E6090 /* Build configuration list for PBXNativeTarget "FizzBuzzTest" */;
			buildPhases = (
				3025F07C208737BE002E6090 /* Sources */,
				3025F07D208737BE002E6090 /* Frameworks */,
				3025F07E208737BE002E6090 /* Resources */,
			);
			buildRules = (
			);
			dependencies = (
			);
			name = FizzBuzzTest;
			productName = FizzBuzzTest;
			productReference = 3025F080208737BE002E6090 /* FizzBuzzTest.app */;
			productType = "com.apple.product-type.application";
		};
		3025F093208737BF002E6090 /* FizzBuzzTestTests */ = {
			isa = PBXNativeTarget;
			buildConfigurationList = 3025F0AB208737BF002E6090 /* Build configuration list for PBXNativeTarget "FizzBuzzTestTests" */;
			buildPhases = (
				3025F090208737BF002E6090 /* Sources */,
				3025F091208737BF002E6090 /* Frameworks */,
				3025F092208737BF002E6090 /* Resources */,
			);
			buildRules = (
			);
			dependencies = (
				3025F096208737BF002E6090 /* PBXTargetDependency */,
			);
			name = FizzBuzzTestTests;
			productName = FizzBuzzTestTests;
			productReference = 3025F094208737BF002E6090 /* FizzBuzzTestTests.xctest */;
			productType = "com.apple.product-type.bundle.unit-test";
		};
		3025F09E208737BF002E6090 /* FizzBuzzTestUITests */ = {
			isa = PBXNativeTarget;
			buildConfigurationList = 3025F0AE208737BF002E6090 /* Build configuration list for PBXNativeTarget "FizzBuzzTestUITests" */;
			buildPhases = (
				3025F09B208737BF002E6090 /* Sources */,
				3025F09C208737BF002E6090 /* Frameworks */,
				3025F09D208737BF002E6090 /* Resources */,
			);
			buildRules = (
			);
			dependencies = (
				3025F0A1208737BF002E6090 /* PBXTargetDependency */,
			);
			name = FizzBuzzTestUITests;
			productName = FizzBuzzTestUITests;
			productReference = 3025F09F208737BF002E6090 /* FizzBuzzTestUITests.xctest */;
			productType = "com.apple.product-type.bundle.ui-testing";
		};
/* End PBXNativeTarget section */

/* Begin PBXProject section */
		3025F078208737BE002E6090 /* Project object */ = {
			isa = PBXProject;
			attributes = {
				LastSwiftUpdateCheck = 0930;
				LastUpgradeCheck = 0930;
				ORGANIZATIONNAME = tdc;
				TargetAttributes = {
					3025F07F208737BE002E6090 = {
						CreatedOnToolsVersion = 9.3;
					};
					3025F093208737BF002E6090 = {
						CreatedOnToolsVersion = 9.3;
						TestTargetID = 3025F07F208737BE002E6090;
					};
					3025F09E208737BF002E6090 = {
						CreatedOnToolsVersion = 9.3;
						TestTargetID = 3025F07F208737BE002E6090;
					};
				};
			};
			buildConfigurationList = 3025F07B208737BE002E6090 /* Build configuration list for PBXProject "FizzBuzzTest" */;
			compatibilityVersion = "Xcode 9.3";
			developmentRegion = en;
			hasScannedForEncodings = 0;
			knownRegions = (
				en,
				Base,
			);
			mainGroup = 3025F077208737BE002E6090;
			productRefGroup = 3025F081208737BE002E6090 /* Products */;
			projectDirPath = "";
			projectRoot = "";
			targets = (
				3025F07F208737BE002E6090 /* FizzBuzzTest */,
				3025F093208737BF002E6090 /* FizzBuzzTestTests */,
				3025F09E208737BF002E6090 /* FizzBuzzTestUITests */,
			);
		};
/* End PBXProject section */

/* Begin PBXResourcesBuildPhase section */
		3025F07E208737BE002E6090 /* Resources */ = {
			isa = PBXResourcesBuildPhase;
			buildActionMask = 2147483647;
			files = (
				3025F08E208737BF002E6090 /* LaunchScreen.storyboard in Resources */,
				3025F08B208737BF002E6090 /* Assets.xcassets in Resources */,
				3025F089208737BE002E6090 /* Main.storyboard in Resources */,
			);
			runOnlyForDeploymentPostprocessing = 0;
		};
		3025F092208737BF002E6090 /* Resources */ = {
			isa = PBXResourcesBuildPhase;
			buildActionMask = 2147483647;
			files = (
			);
			runOnlyForDeploymentPostprocessing = 0;
		};
		3025F09D208737BF002E6090 /* Resources */ = {
			isa = PBXResourcesBuildPhase;
			buildActionMask = 2147483647;
			files = (
			);
			runOnlyForDeploymentPostprocessing = 0;
		};
/* End PBXResourcesBuildPhase section */

/* Begin PBXSourcesBuildPhase section */
		3025F07C208737BE002E6090 /* Sources */ = {
			isa = PBXSourcesBuildPhase;
			buildActionMask = 2147483647;
			files = (
				3025F086208737BE002E6090 /* ViewController.swift in Sources */,
				3025F0B2208737E1002E6090 /* Brain.swift in Sources */,
				3025F084208737BE002E6090 /* AppDelegate.swift in Sources */,
			);
			runOnlyForDeploymentPostprocessing = 0;
		};
		3025F090208737BF002E6090 /* Sources */ = {
			isa = PBXSourcesBuildPhase;
			buildActionMask = 2147483647;
			files = (
				3025F0B420873804002E6090 /* BrainTest.swift in Sources */,
			);
			runOnlyForDeploymentPostprocessing = 0;
		};
		3025F09B208737BF002E6090 /* Sources */ = {
			isa = PBXSourcesBuildPhase;
			buildActionMask = 2147483647;
			files = (
			);
			runOnlyForDeploymentPostprocessing = 0;
		};
/* End PBXSourcesBuildPhase section */

/* Begin PBXTargetDependency section */
		3025F096208737BF002E6090 /* PBXTargetDependency */ = {
			isa = PBXTargetDependency;
			target = 3025F07F208737BE002E6090 /* FizzBuzzTest */;
			targetProxy = 3025F095208737BF002E6090 /* PBXContainerItemProxy */;
		};
		3025F0A1208737BF002E6090 /* PBXTargetDependency */ = {
			isa = PBXTargetDependency;
			target = 3025F07F208737BE002E6090 /* FizzBuzzTest */;
			targetProxy = 3025F0A0208737BF002E6090 /* PBXContainerItemProxy */;
		};
/* End PBXTargetDependency section */

/* Begin PBXVariantGroup section */
		3025F087208737BE002E6090 /* Main.storyboard */ = {
			isa = PBXVariantGroup;
			children = (
				3025F088208737BE002E6090 /* Base */,
			);
			name = Main.storyboard;
			sourceTree = "<group>";
		};
		3025F08C208737BF002E6090 /* LaunchScreen.storyboard */ = {
			isa = PBXVariantGroup;
			children = (
				3025F08D208737BF002E6090 /* Base */,
			);
			name = LaunchScreen.storyboard;
			sourceTree = "<group>";
		};
/* End PBXVariantGroup section */

/* Begin XCBuildConfiguration section */
		3025F0A6208737BF002E6090 /* Debug */ = {
			isa = XCBuildConfiguration;
			buildSettings = {
				ALWAYS_SEARCH_USER_PATHS = NO;
				CLANG_ANALYZER_NONNULL = YES;
				CLANG_ANALYZER_NUMBER_OBJECT_CONVERSION = YES_AGGRESSIVE;
				CLANG_CXX_LANGUAGE_STANDARD = "gnu++14";
				CLANG_CXX_LIBRARY = "libc++";
				CLANG_ENABLE_MODULES = YES;
				CLANG_ENABLE_OBJC_ARC = YES;
				CLANG_ENABLE_OBJC_WEAK = YES;
				CLANG_WARN_BLOCK_CAPTURE_AUTORELEASING = YES;
				CLANG_WARN_BOOL_CONVERSION = YES;
				CLANG_WARN_COMMA = YES;
				CLANG_WARN_CONSTANT_CONVERSION = YES;
				CLANG_WARN_DEPRECATED_OBJC_IMPLEMENTATIONS = YES;
				CLANG_WARN_DIRECT_OBJC_ISA_USAGE = YES_ERROR;
				CLANG_WARN_DOCUMENTATION_COMMENTS = YES;
				CLANG_WARN_EMPTY_BODY = YES;
				CLANG_WARN_ENUM_CONVERSION = YES;
				CLANG_WARN_INFINITE_RECURSION = YES;
				CLANG_WARN_INT_CONVERSION = YES;
				CLANG_WARN_NON_LITERAL_NULL_CONVERSION = YES;
				CLANG_WARN_OBJC_IMPLICIT_RETAIN_SELF = YES;
				CLANG_WARN_OBJC_LITERAL_CONVERSION = YES;
				CLANG_WARN_OBJC_ROOT_CLASS = YES_ERROR;
				CLANG_WARN_RANGE_LOOP_ANALYSIS = YES;
				CLANG_WARN_STRICT_PROTOTYPES = YES;
				CLANG_WARN_SUSPICIOUS_MOVE = YES;
				CLANG_WARN_UNGUARDED_AVAILABILITY = YES_AGGRESSIVE;
				CLANG_WARN_UNREACHABLE_CODE = YES;
				CLANG_WARN__DUPLICATE_METHOD_MATCH = YES;
				CODE_SIGN_IDENTITY = "iPhone Developer";
				COPY_PHASE_STRIP = NO;
				DEBUG_INFORMATION_FORMAT = dwarf;
				ENABLE_STRICT_OBJC_MSGSEND = YES;
				ENABLE_TESTABILITY = YES;
				GCC_C_LANGUAGE_STANDARD = gnu11;
				GCC_DYNAMIC_NO_PIC = NO;
				GCC_NO_COMMON_BLOCKS = YES;
				GCC_OPTIMIZATION_LEVEL = 0;
				GCC_PREPROCESSOR_DEFINITIONS = (
					"DEBUG=1",
					"$(inherited)",
				);
				GCC_WARN_64_TO_32_BIT_CONVERSION = YES;
				GCC_WARN_ABOUT_RETURN_TYPE = YES_ERROR;
				GCC_WARN_UNDECLARED_SELECTOR = YES;
				GCC_WARN_UNINITIALIZED_AUTOS = YES_AGGRESSIVE;
				GCC_WARN_UNUSED_FUNCTION = YES;
				GCC_WARN_UNUSED_VARIABLE = YES;
				IPHONEOS_DEPLOYMENT_TARGET = 11.3;
				MTL_ENABLE_DEBUG_INFO = YES;
				ONLY_ACTIVE_ARCH = YES;
				SDKROOT = iphoneos;
				SWIFT_ACTIVE_COMPILATION_CONDITIONS = DEBUG;
				SWIFT_OPTIMIZATION_LEVEL = "-Onone";
			};
			name = Debug;
		};
		3025F0A7208737BF002E6090 /* Release */ = {
			isa = XCBuildConfiguration;
			buildSettings = {
				ALWAYS_SEARCH_USER_PATHS = NO;
				CLANG_ANALYZER_NONNULL = YES;
				CLANG_ANALYZER_NUMBER_OBJECT_CONVERSION = YES_AGGRESSIVE;
				CLANG_CXX_LANGUAGE_STANDARD = "gnu++14";
				CLANG_CXX_LIBRARY = "libc++";
				CLANG_ENABLE_MODULES = YES;
				CLANG_ENABLE_OBJC_ARC = YES;
				CLANG_ENABLE_OBJC_WEAK = YES;
				CLANG_WARN_BLOCK_CAPTURE_AUTORELEASING = YES;
				CLANG_WARN_BOOL_CONVERSION = YES;
				CLANG_WARN_COMMA = YES;
				CLANG_WARN_CONSTANT_CONVERSION = YES;
				CLANG_WARN_DEPRECATED_OBJC_IMPLEMENTATIONS = YES;
				CLANG_WARN_DIRECT_OBJC_ISA_USAGE = YES_ERROR;
				CLANG_WARN_DOCUMENTATION_COMMENTS = YES;
				CLANG_WARN_EMPTY_BODY = YES;
				CLANG_WARN_ENUM_CONVERSION = YES;
				CLANG_WARN_INFINITE_RECURSION = YES;
				CLANG_WARN_INT_CONVERSION = YES;
				CLANG_WARN_NON_LITERAL_NULL_CONVERSION = YES;
				CLANG_WARN_OBJC_IMPLICIT_RETAIN_SELF = YES;
				CLANG_WARN_OBJC_LITERAL_CONVERSION = YES;
				CLANG_WARN_OBJC_ROOT_CLASS = YES_ERROR;
				CLANG_WARN_RANGE_LOOP_ANALYSIS = YES;
				CLANG_WARN_STRICT_PROTOTYPES = YES;
				CLANG_WARN_SUSPICIOUS_MOVE = YES;
				CLANG_WARN_UNGUARDED_AVAILABILITY = YES_AGGRESSIVE;
				CLANG_WARN_UNREACHABLE_CODE = YES;
				CLANG_WARN__DUPLICATE_METHOD_MATCH = YES;
				CODE_SIGN_IDENTITY = "iPhone Developer";
				COPY_PHASE_STRIP = NO;
				DEBUG_INFORMATION_FORMAT = "dwarf-with-dsym";
				ENABLE_NS_ASSERTIONS = NO;
				ENABLE_STRICT_OBJC_MSGSEND = YES;
				GCC_C_LANGUAGE_STANDARD = gnu11;
				GCC_NO_COMMON_BLOCKS = YES;
				GCC_WARN_64_TO_32_BIT_CONVERSION = YES;
				GCC_WARN_ABOUT_RETURN_TYPE = YES_ERROR;
				GCC_WARN_UNDECLARED_SELECTOR = YES;
				GCC_WARN_UNINITIALIZED_AUTOS = YES_AGGRESSIVE;
				GCC_WARN_UNUSED_FUNCTION = YES;
				GCC_WARN_UNUSED_VARIABLE = YES;
				IPHONEOS_DEPLOYMENT_TARGET = 11.3;
				MTL_ENABLE_DEBUG_INFO = NO;
				SDKROOT = iphoneos;
				SWIFT_COMPILATION_MODE = wholemodule;
				SWIFT_OPTIMIZATION_LEVEL = "-O";
				VALIDATE_PRODUCT = YES;
			};
			name = Release;
		};
		3025F0A9208737BF002E6090 /* Debug */ = {
			isa = XCBuildConfiguration;
			buildSettings = {
				ASSETCATALOG_COMPILER_APPICON_NAME = AppIcon;
				CODE_SIGN_STYLE = Automatic;
				DEVELOPMENT_TEAM = 9TM4S6NU5K;
				INFOPLIST_FILE = FizzBuzzTest/Info.plist;
				LD_RUNPATH_SEARCH_PATHS = (
					"$(inherited)",
					"@executable_path/Frameworks",
				);
				PRODUCT_BUNDLE_IDENTIFIER = com.tdc.FizzBuzzTest;
				PRODUCT_NAME = "$(TARGET_NAME)";
				SWIFT_VERSION = 4.0;
				TARGETED_DEVICE_FAMILY = "1,2";
			};
			name = Debug;
		};
		3025F0AA208737BF002E6090 /* Release */ = {
			isa = XCBuildConfiguration;
			buildSettings = {
				ASSETCATALOG_COMPILER_APPICON_NAME = AppIcon;
				CODE_SIGN_STYLE = Automatic;
				DEVELOPMENT_TEAM = 9TM4S6NU5K;
				INFOPLIST_FILE = FizzBuzzTest/Info.plist;
				LD_RUNPATH_SEARCH_PATHS = (
					"$(inherited)",
					"@executable_path/Frameworks",
				);
				PRODUCT_BUNDLE_IDENTIFIER = com.tdc.FizzBuzzTest;
				PRODUCT_NAME = "$(TARGET_NAME)";
				SWIFT_VERSION = 4.0;
				TARGETED_DEVICE_FAMILY = "1,2";
			};
			name = Release;
		};
		3025F0AC208737BF002E6090 /* Debug */ = {
			isa = XCBuildConfiguration;
			buildSettings = {
				ALWAYS_EMBED_SWIFT_STANDARD_LIBRARIES = YES;
				BUNDLE_LOADER = "$(TEST_HOST)";
				CODE_SIGN_STYLE = Automatic;
				DEVELOPMENT_TEAM = 9TM4S6NU5K;
				INFOPLIST_FILE = FizzBuzzTestTests/Info.plist;
				LD_RUNPATH_SEARCH_PATHS = (
					"$(inherited)",
					"@executable_path/Frameworks",
					"@loader_path/Frameworks",
				);
				PRODUCT_BUNDLE_IDENTIFIER = com.tdc.FizzBuzzTestTests;
				PRODUCT_NAME = "$(TARGET_NAME)";
				SWIFT_VERSION = 4.0;
				TARGETED_DEVICE_FAMILY = "1,2";
				TEST_HOST = "$(BUILT_PRODUCTS_DIR)/FizzBuzzTest.app/FizzBuzzTest";
			};
			name = Debug;
		};
		3025F0AD208737BF002E6090 /* Release */ = {
			isa = XCBuildConfiguration;
			buildSettings = {
				ALWAYS_EMBED_SWIFT_STANDARD_LIBRARIES = YES;
				BUNDLE_LOADER = "$(TEST_HOST)";
				CODE_SIGN_STYLE = Automatic;
				DEVELOPMENT_TEAM = 9TM4S6NU5K;
				INFOPLIST_FILE = FizzBuzzTestTests/Info.plist;
				LD_RUNPATH_SEARCH_PATHS = (
					"$(inherited)",
					"@executable_path/Frameworks",
					"@loader_path/Frameworks",
				);
				PRODUCT_BUNDLE_IDENTIFIER = com.tdc.FizzBuzzTestTests;
				PRODUCT_NAME = "$(TARGET_NAME)";
				SWIFT_VERSION = 4.0;
				TARGETED_DEVICE_FAMILY = "1,2";
				TEST_HOST = "$(BUILT_PRODUCTS_DIR)/FizzBuzzTest.app/FizzBuzzTest";
			};
			name = Release;
		};
		3025F0AF208737BF002E6090 /* Debug */ = {
			isa = XCBuildConfiguration;
			buildSettings = {
				ALWAYS_EMBED_SWIFT_STANDARD_LIBRARIES = YES;
				CODE_SIGN_STYLE = Automatic;
				DEVELOPMENT_TEAM = 9TM4S6NU5K;
				INFOPLIST_FILE = FizzBuzzTestUITests/Info.plist;
				LD_RUNPATH_SEARCH_PATHS = (
					"$(inherited)",
					"@executable_path/Frameworks",
					"@loader_path/Frameworks",
				);
				PRODUCT_BUNDLE_IDENTIFIER = com.tdc.FizzBuzzTestUITests;
				PRODUCT_NAME = "$(TARGET_NAME)";
				SWIFT_VERSION = 4.0;
				TARGETED_DEVICE_FAMILY = "1,2";
				TEST_TARGET_NAME = FizzBuzzTest;
			};
			name = Debug;
		};
		3025F0B0208737BF002E6090 /* Release */ = {
			isa = XCBuildConfiguration;
			buildSettings = {
				ALWAYS_EMBED_SWIFT_STANDARD_LIBRARIES = YES;
				CODE_SIGN_STYLE = Automatic;
				DEVELOPMENT_TEAM = 9TM4S6NU5K;
				INFOPLIST_FILE = FizzBuzzTestUITests/Info.plist;
				LD_RUNPATH_SEARCH_PATHS = (
					"$(inherited)",
					"@executable_path/Frameworks",
					"@loader_path/Frameworks",
				);
				PRODUCT_BUNDLE_IDENTIFIER = com.tdc.FizzBuzzTestUITests;
				PRODUCT_NAME = "$(TARGET_NAME)";
				SWIFT_VERSION = 4.0;
				TARGETED_DEVICE_FAMILY = "1,2";
				TEST_TARGET_NAME = FizzBuzzTest;
			};
			name = Release;
		};
/* End XCBuildConfiguration section */

/* Begin XCConfigurationList section */
		3025F07B208737BE002E6090 /* Build configuration list for PBXProject "FizzBuzzTest" */ = {
			isa = XCConfigurationList;
			buildConfigurations = (
				3025F0A6208737BF002E6090 /* Debug */,
				3025F0A7208737BF002E6090 /* Release */,
			);
			defaultConfigurationIsVisible = 0;
			defaultConfigurationName = Release;
		};
		3025F0A8208737BF002E6090 /* Build configuration list for PBXNativeTarget "FizzBuzzTest" */ = {
			isa = XCConfigurationList;
			buildConfigurations = (
				3025F0A9208737BF002E6090 /* Debug */,
				3025F0AA208737BF002E6090 /* Release */,
			);
			defaultConfigurationIsVisible = 0;
			defaultConfigurationName = Release;
		};
		3025F0AB208737BF002E6090 /* Build configuration list for PBXNativeTarget "FizzBuzzTestTests" */ = {
			isa = XCConfigurationList;
			buildConfigurations = (
				3025F0AC208737BF002E6090 /* Debug */,
				3025F0AD208737BF002E6090 /* Release */,
			);
			defaultConfigurationIsVisible = 0;
			defaultConfigurationName = Release;
		};
		3025F0AE208737BF002E6090 /* Build configuration list for PBXNativeTarget "FizzBuzzTestUITests" */ = {
			isa = XCConfigurationList;
			buildConfigurations = (
				3025F0AF208737BF002E6090 /* Debug */,
				3025F0B0208737BF002E6090 /* Release */,
			);
			defaultConfigurationIsVisible = 0;
			defaultConfigurationName = Release;
		};
/* End XCConfigurationList section */
	};
	rootObject = 3025F078208737BE002E6090 /* Project object */;
}
